
Microsoft Visual Studio Solution File, Format Version 12.00
# Visual Studio Version 17
VisualStudioVersion = 17.14.36414.22
MinimumVisualStudioVersion = 10.0.40219.1
Project("{2150E333-8FDC-42A3-9474-1A3956D46DE8}") = "Requirements", "Requirements", "{02EA681E-C7D8-13C7-8484-4AC65E1B71E8}"
	ProjectSection(SolutionItems) = preProject
		blueprint.md = blueprint.md
	EndProjectSection
EndProject
Project("{FAE04EC0-301F-11D3-BF4B-00C04F79EFBC}") = "PatientInfo.Api", "PatientInfo.Api\PatientInfo.Api.csproj", "{740ADA01-E1AA-4434-B7F7-AE7DE575444E}"
EndProject
Project("{FAE04EC0-301F-11D3-BF4B-00C04F79EFBC}") = "PatientInfo.Api.Sdk", "PatientInfo.Api.Sdk\PatientInfo.Api.Sdk.csproj", "{572CB6D8-F708-4D38-8499-3C2260591791}"
EndProject
Project("{FAE04EC0-301F-11D3-BF4B-00C04F79EFBC}") = "PortalMirage.Core", "PortalMirage.Core\PortalMirage.Core.csproj", "{C6250E70-B12B-4E4D-AC3D-54E13A27C4A6}"
EndProject
Project("{FAE04EC0-301F-11D3-BF4B-00C04F79EFBC}") = "PortalMirage.Data", "PortalMirage.Data\PortalMirage.Data.csproj", "{D93FBF6F-6FF4-42FD-8FDD-7DBFBAB05D02}"
EndProject
Project("{FAE04EC0-301F-11D3-BF4B-00C04F79EFBC}") = "PortalMirage.Business", "PortalMirage.Business\PortalMirage.Business.csproj", "{8A42598B-ABF3-4E2B-8435-98EF710422A2}"
EndProject
Project("{FAE04EC0-301F-11D3-BF4B-00C04F79EFBC}") = "PortalMirage.Api", "PortalMirage.Api\PortalMirage.Api.csproj", "{8E0EC468-0313-4B52-BDC1-7321A172E6DF}"
EndProject
Project("{FAE04EC0-301F-11D3-BF4B-00C04F79EFBC}") = "Mirage.UI", "Mirage.UI\Mirage.UI.csproj", "{8AB4DCC5-061E-46F3-9AA5-F856F43216A9}"
EndProject
Global
	GlobalSection(SolutionConfigurationPlatforms) = preSolution
		Debug|Any CPU = Debug|Any CPU
		Release|Any CPU = Release|Any CPU
	EndGlobalSection
	GlobalSection(ProjectConfigurationPlatforms) = postSolution
		{740ADA01-E1AA-4434-B7F7-AE7DE575444E}.Debug|Any CPU.ActiveCfg = Debug|Any CPU
		{740ADA01-E1AA-4434-B7F7-AE7DE575444E}.Debug|Any CPU.Build.0 = Debug|Any CPU
		{740ADA01-E1AA-4434-B7F7-AE7DE575444E}.Release|Any CPU.ActiveCfg = Release|Any CPU
		{740ADA01-E1AA-4434-B7F7-AE7DE575444E}.Release|Any CPU.Build.0 = Release|Any CPU
		{572CB6D8-F708-4D38-8499-3C2260591791}.Debug|Any CPU.ActiveCfg = Debug|Any CPU
		{572CB6D8-F708-4D38-8499-3C2260591791}.Debug|Any CPU.Build.0 = Debug|Any CPU
		{572CB6D8-F708-4D38-8499-3C2260591791}.Release|Any CPU.ActiveCfg = Release|Any CPU
		{572CB6D8-F708-4D38-8499-3C2260591791}.Release|Any CPU.Build.0 = Release|Any CPU
		{C6250E70-B12B-4E4D-AC3D-54E13A27C4A6}.Debug|Any CPU.ActiveCfg = Debug|Any CPU
		{C6250E70-B12B-4E4D-AC3D-54E13A27C4A6}.Debug|Any CPU.Build.0 = Debug|Any CPU
		{C6250E70-B12B-4E4D-AC3D-54E13A27C4A6}.Release|Any CPU.ActiveCfg = Release|Any CPU
		{C6250E70-B12B-4E4D-AC3D-54E13A27C4A6}.Release|Any CPU.Build.0 = Release|Any CPU
		{D93FBF6F-6FF4-42FD-8FDD-7DBFBAB05D02}.Debug|Any CPU.ActiveCfg = Debug|Any CPU
		{D93FBF6F-6FF4-42FD-8FDD-7DBFBAB05D02}.Debug|Any CPU.Build.0 = Debug|Any CPU
		{D93FBF6F-6FF4-42FD-8FDD-7DBFBAB05D02}.Release|Any CPU.ActiveCfg = Release|Any CPU
		{D93FBF6F-6FF4-42FD-8FDD-7DBFBAB05D02}.Release|Any CPU.Build.0 = Release|Any CPU
		{8A42598B-ABF3-4E2B-8435-98EF710422A2}.Debug|Any CPU.ActiveCfg = Debug|Any CPU
		{8A42598B-ABF3-4E2B-8435-98EF710422A2}.Debug|Any CPU.Build.0 = Debug|Any CPU
		{8A42598B-ABF3-4E2B-8435-98EF710422A2}.Release|Any CPU.ActiveCfg = Release|Any CPU
		{8A42598B-ABF3-4E2B-8435-98EF710422A2}.Release|Any CPU.Build.0 = Release|Any CPU
		{8E0EC468-0313-4B52-BDC1-7321A172E6DF}.Debug|Any CPU.ActiveCfg = Debug|Any CPU
		{8E0EC468-0313-4B52-BDC1-7321A172E6DF}.Debug|Any CPU.Build.0 = Debug|Any CPU
		{8E0EC468-0313-4B52-BDC1-7321A172E6DF}.Release|Any CPU.ActiveCfg = Release|Any CPU
		{8E0EC468-0313-4B52-BDC1-7321A172E6DF}.Release|Any CPU.Build.0 = Release|Any CPU
		{8AB4DCC5-061E-46F3-9AA5-F856F43216A9}.Debug|Any CPU.ActiveCfg = Debug|Any CPU
		{8AB4DCC5-061E-46F3-9AA5-F856F43216A9}.Debug|Any CPU.Build.0 = Debug|Any CPU
		{8AB4DCC5-061E-46F3-9AA5-F856F43216A9}.Release|Any CPU.ActiveCfg = Release|Any CPU
		{8AB4DCC5-061E-46F3-9AA5-F856F43216A9}.Release|Any CPU.Build.0 = Release|Any CPU
	EndGlobalSection
	GlobalSection(SolutionProperties) = preSolution
		HideSolutionNode = FALSE
	EndGlobalSection
	GlobalSection(ExtensibilityGlobals) = postSolution
		SolutionGuid = {E13D17DA-912B-42B5-98E6-A283A8C44A5C}
	EndGlobalSection
EndGlobal
